
Microsoft Visual Studio Solution File, Format Version 12.00
# Visual Studio 15
VisualStudioVersion = 15.0.27428.2015
MinimumVisualStudioVersion = 10.0.40219.1
Project("{FAE04EC0-301F-11D3-BF4B-00C04F79EFBC}") = "ETW2JSON", "ETW2JSON.csproj", "{AE4BB73C-1697-432A-A9C6-3CC76434198A}"
EndProject
Global
	GlobalSection(SolutionConfigurationPlatforms) = preSolution
		Debug|Any CPU = Debug|Any CPU
		Release|Any CPU = Release|Any CPU
	EndGlobalSection
	GlobalSection(ProjectConfigurationPlatforms) = postSolution
		{AE4BB73C-1697-432A-A9C6-3CC76434198A}.Debug|Any CPU.ActiveCfg = Debug|Any CPU
		{AE4BB73C-1697-432A-A9C6-3CC76434198A}.Debug|Any CPU.Build.0 = Debug|Any CPU
		{AE4BB73C-1697-432A-A9C6-3CC76434198A}.Release|Any CPU.ActiveCfg = Release|Any CPU
		{AE4BB73C-1697-432A-A9C6-3CC76434198A}.Release|Any CPU.Build.0 = Release|Any CPU
	EndGlobalSection
	GlobalSection(SolutionProperties) = preSolution
		HideSolutionNode = FALSE
	EndGlobalSection
	GlobalSection(ExtensibilityGlobals) = postSolution
		SolutionGuid = {0931682E-8EF3-47BC-BD8A-AFDDA0A55874}
	EndGlobalSection
EndGlobal
